github.com/Miuzarte/FlareSolverr-go v0.0.0-20251022063250-27c3ccbb75be h1:V105d7JzpBDp1kYynuIINJY1q/j+v04ezCNY0COapJQ=
github.com/Miuzarte/FlareSolverr-go v0.0.0-20251022063250-27c3ccbb75be/go.mod h1:SLfHsSjC+jPgk6pcz9z0SxwL/vFaTeEAvP+6dvfAmfA=
github.com/go-viper/mapstructure/v2 v2.4.0 h1:EBsztssimR/CONLSZZ04E8qAkxNYq4Qp9LvH92wZUgs=
github.com/go-viper/mapstructure/v2 v2.4.0/go.mod h1:oJDH3BJKyqBA2TXFhDsKDGDTlndYOZ6rGS0BRZIxGhM=
